{
  "name": "vine-console",
  "requires": true,
  "lockfileVersion": 1,
  "dependencies": {
    "@babel/code-frame": {
      "version": "7.8.3",
      "resolved": "https://registry.npmjs.org/@babel/code-frame/-/code-frame-7.8.3.tgz",
      "integrity": "sha512-a9gxpmdXtZEInkCSHUJDLHZVBgb1QS0jhss4cPP93EW7s+uC5bikET2twEF3KV+7rDblJcmNvTR7VJejqd2C2g==",
      "dev": true,
      "requires": {
        "@babel/highlight": "^7.8.3"
      }
    },
    "@babel/highlight": {
      "version": "7.8.3",
      "resolved": "https://registry.npmjs.org/@babel/highlight/-/highlight-7.8.3.tgz",
      "integrity": "sha512-PX4y5xQUvy0fnEVHrYOarRPXVWafSjTW9T0Hab8gVIawpl2Sj0ORyrygANq+KjcNlSSTw0YCLSNA8OyZ1I4yEg==",
      "dev": true,
      "requires": {
        "chalk": "^2.0.0",
        "esutils": "^2.0.2",
        "js-tokens": "^4.0.0"
      }
    },
    "@pixi/accessibility": {
      "version": "5.2.3",
      "resolved": "https://registry.npmjs.org/@pixi/accessibility/-/accessibility-5.2.3.tgz",
      "integrity": "sha512-nQQFlLyk2puSNpNVwMLpbs0M3uDP4lud7E64KIFatayumFXTpmHBKZfZCo633EA240fKAgcZrG61RQ7HcH60UA==",
      "requires": {
        "@pixi/core": "5.2.3",
        "@pixi/display": "5.2.3",
        "@pixi/utils": "5.2.3"
      }
    },
    "@pixi/app": {
      "version": "5.2.3",
      "resolved": "https://registry.npmjs.org/@pixi/app/-/app-5.2.3.tgz",
      "integrity": "sha512-S/rCMg807X8aeAUztmhZ7AVhl8Ag9fwSWQZtcuIFBcfNbyxZreObrZ6MosQ0Br6zx+KY5MYf1pfVgp7dkRjQWA==",
      "requires": {
        "@pixi/core": "5.2.3",
        "@pixi/display": "5.2.3"
      }
    },
    "@pixi/constants": {
      "version": "5.2.3",
      "resolved": "https://registry.npmjs.org/@pixi/constants/-/constants-5.2.3.tgz",
      "integrity": "sha512-V3JmByBu+LXMg9F/18X8F2M7LzlMXlIGBLCkpBOJnoWpyeLl0aAFBQJ7QhkWe5RFMuJ8iEQLhscBtLGeSJKURA=="
    },
    "@pixi/core": {
      "version": "5.2.3",
      "resolved": "https://registry.npmjs.org/@pixi/core/-/core-5.2.3.tgz",
      "integrity": "sha512-hm3FWL+xg1nLgo55l2csYHTZxN1wnnpIAqii3MzUigR9ej8SfjYrZptG/OIr3H6UAlPFEH0z7rKJqrEI8JlXpA==",
      "requires": {
        "@pixi/constants": "5.2.3",
        "@pixi/display": "5.2.3",
        "@pixi/math": "5.2.3",
        "@pixi/runner": "5.2.3",
        "@pixi/settings": "5.2.3",
        "@pixi/ticker": "5.2.3",
        "@pixi/utils": "5.2.3"
      }
    },
    "@pixi/display": {
      "version": "5.2.3",
      "resolved": "https://registry.npmjs.org/@pixi/display/-/display-5.2.3.tgz",
      "integrity": "sha512-yXNnBGcm+NykzBCbb5AzVk+8jmCU3RZ3cfTM9WMX3JUm3B7JwCxLdXLH4SkNnA3isq7JNdW+5RoyRtpp3Y4dOQ==",
      "requires": {
        "@pixi/math": "5.2.3",
        "@pixi/settings": "5.2.3",
        "@pixi/utils": "5.2.3"
      }
    },
    "@pixi/extract": {
      "version": "5.2.3",
      "resolved": "https://registry.npmjs.org/@pixi/extract/-/extract-5.2.3.tgz",
      "integrity": "sha512-xzusqIUpeRoKlNz5H2IU5lJ6PsTV8gkCYaIpw7LOgrDeGomveWLfgK8GzGR7wFT2g9+fz8+C4cI1nzLVT4UOAA==",
      "requires": {
        "@pixi/core": "5.2.3",
        "@pixi/math": "5.2.3",
        "@pixi/utils": "5.2.3"
      }
    },
    "@pixi/filter-alpha": {
      "version": "5.2.3",
      "resolved": "https://registry.npmjs.org/@pixi/filter-alpha/-/filter-alpha-5.2.3.tgz",
      "integrity": "sha512-ZF9fA9qVlnN7q56rqS+nFmf6v1AWdXirtYBqDpwR2TOAZs2p7gS0kWT4yTK/GoIwn8PKysktZNUIb8XAwZiQ/g==",
      "requires": {
        "@pixi/core": "5.2.3"
      }
    },
    "@pixi/filter-blur": {
      "version": "5.2.3",
      "resolved": "https://registry.npmjs.org/@pixi/filter-blur/-/filter-blur-5.2.3.tgz",
      "integrity": "sha512-jAki6zNeRZtfvIKx+XtDUQfecHd51KZ4OdmvhSxOl3dmKE7EctLmFbsFf0pRUOuykX/97p5Ls8PATnrEA63c2A==",
      "requires": {
        "@pixi/core": "5.2.3",
        "@pixi/settings": "5.2.3"
      }
    },
    "@pixi/filter-color-matrix": {
      "version": "5.2.3",
      "resolved": "https://registry.npmjs.org/@pixi/filter-color-matrix/-/filter-color-matrix-5.2.3.tgz",
      "integrity": "sha512-efuTcL5LCIXaSZFcTnST4kJx/Qi/jgrNMAdToZLHR0SHy/JSkdtIv18Vkkvg0dlV3xepev1UE4v7pxs0KHMkhQ==",
      "requires": {
        "@pixi/core": "5.2.3"
      }
    },
    "@pixi/filter-displacement": {
      "version": "5.2.3",
      "resolved": "https://registry.npmjs.org/@pixi/filter-displacement/-/filter-displacement-5.2.3.tgz",
      "integrity": "sha512-19Qj4GFd1EhXgg91D4XZQG2opABDWHHo2+uENa8axRIlzgN/hdu+DYBoQJl+oKMT0q63uTa7RwJlnSNx/mW0Vw==",
      "requires": {
        "@pixi/core": "5.2.3",
        "@pixi/math": "5.2.3"
      }
    },
    "@pixi/filter-fxaa": {
      "version": "5.2.3",
      "resolved": "https://registry.npmjs.org/@pixi/filter-fxaa/-/filter-fxaa-5.2.3.tgz",
      "integrity": "sha512-1HxW22pSr7oR6DO9tmt66ULnxlOp07g6NrnzQfBv3PGhFdI+5vBMrAAeVnW0unLQeQmrS/eMwGMvLdjbmW12eA==",
      "requires": {
        "@pixi/core": "5.2.3"
      }
    },
    "@pixi/filter-noise": {
      "version": "5.2.3",
      "resolved": "https://registry.npmjs.org/@pixi/filter-noise/-/filter-noise-5.2.3.tgz",
      "integrity": "sha512-8NW61EVoSFyI4jBq5x72IlgOLlw3OLmldSHkPvkhT+jFmovyIlOxjTsr7aG7vag6rTwB+1Iz19bg2jQNALWtJA==",
      "requires": {
        "@pixi/core": "5.2.3"
      }
    },
    "@pixi/graphics": {
      "version": "5.2.3",
      "resolved": "https://registry.npmjs.org/@pixi/graphics/-/graphics-5.2.3.tgz",
      "integrity": "sha512-32xMgatlrLlznkyz+sTyuQuGDPsm+iRAHzr0idvA1mpHOLl0P7cMDu5bbCbk59GRz//BPsTef0aliMbmwZv3YA==",
      "requires": {
        "@pixi/constants": "5.2.3",
        "@pixi/core": "5.2.3",
        "@pixi/display": "5.2.3",
        "@pixi/math": "5.2.3",
        "@pixi/sprite": "5.2.3",
        "@pixi/utils": "5.2.3"
      }
    },
    "@pixi/interaction": {
      "version": "5.2.3",
      "resolved": "https://registry.npmjs.org/@pixi/interaction/-/interaction-5.2.3.tgz",
      "integrity": "sha512-dVjJRTNzpUOFNGvjiTqGDnLKvYJWoW7AU7DiGSTb0UVZ2exS0OTL3hzWiKFK8ZtZk/vxYEOG7DmCVvQNt3TyRQ==",
      "requires": {
        "@pixi/core": "5.2.3",
        "@pixi/display": "5.2.3",
        "@pixi/math": "5.2.3",
        "@pixi/ticker": "5.2.3",
        "@pixi/utils": "5.2.3"
      }
    },
    "@pixi/loaders": {
      "version": "5.2.3",
      "resolved": "https://registry.npmjs.org/@pixi/loaders/-/loaders-5.2.3.tgz",
      "integrity": "sha512-TIYIEnVdok1UOlf7UNu2lz+i0Hw6/NPzytMHqVisDgEdufGQdZ2OSWak38WR6dkZ2otGY4Vl/5fcLk2ABFOEQQ==",
      "requires": {
        "@pixi/core": "5.2.3",
        "@pixi/utils": "5.2.3",
        "resource-loader": "^3.0.1"
      }
    },
    "@pixi/math": {
      "version": "5.2.3",
      "resolved": "https://registry.npmjs.org/@pixi/math/-/math-5.2.3.tgz",
      "integrity": "sha512-Q8iYGca/2R23F/U1xyX9NWWccYFFYQ55KVvHIh3TsjszqXXs4KJrsUeuWy6BW/f1VMUKa5NUFFmO6RCLbkc/pw=="
    },
    "@pixi/mesh": {
      "version": "5.2.3",
      "resolved": "https://registry.npmjs.org/@pixi/mesh/-/mesh-5.2.3.tgz",
      "integrity": "sha512-zQeWhYBcafDYxZUj7DSN7L1+YnZBCiLL8f/9bjG6H02h6zTZxxyhjzCHof9K8Ne8r7FFAL3aU2l6Mhs3But0LA==",
      "requires": {
        "@pixi/constants": "5.2.3",
        "@pixi/core": "5.2.3",
        "@pixi/display": "5.2.3",
        "@pixi/math": "5.2.3",
        "@pixi/settings": "5.2.3",
        "@pixi/utils": "5.2.3"
      }
    },
    "@pixi/mesh-extras": {
      "version": "5.2.3",
      "resolved": "https://registry.npmjs.org/@pixi/mesh-extras/-/mesh-extras-5.2.3.tgz",
      "integrity": "sha512-M0aOESd/B+liP4o1otBakY3I9ySbPXP+KjQXnUS8NY7i+vXccoh/7Zv2edkdD+kUCMQ1wlmczOcAeqDe1k6wGA==",
      "requires": {
        "@pixi/constants": "5.2.3",
        "@pixi/core": "5.2.3",
        "@pixi/math": "5.2.3",
        "@pixi/mesh": "5.2.3",
        "@pixi/utils": "5.2.3"
      }
    },
    "@pixi/mixin-cache-as-bitmap": {
      "version": "5.2.3",
      "resolved": "https://registry.npmjs.org/@pixi/mixin-cache-as-bitmap/-/mixin-cache-as-bitmap-5.2.3.tgz",
      "integrity": "sha512-rLwWt2YuGf3+byhYqpTjfvr9IsDHolEN8Yn8FWD3P+GZ6xLo5VrfygrtytDsdUrJUUp90zdFrmM27geF77/umw==",
      "requires": {
        "@pixi/core": "5.2.3",
        "@pixi/display": "5.2.3",
        "@pixi/math": "5.2.3",
        "@pixi/settings": "5.2.3",
        "@pixi/sprite": "5.2.3",
        "@pixi/utils": "5.2.3"
      }
    },
    "@pixi/mixin-get-child-by-name": {
      "version": "5.2.3",
      "resolved": "https://registry.npmjs.org/@pixi/mixin-get-child-by-name/-/mixin-get-child-by-name-5.2.3.tgz",
      "integrity": "sha512-OURXQeUiLgBOpzsgrkiAuaJbcC6YtpIUGaaRj9y/aQgheBXRbUVYuDjudIMpn+DnuUzilwkNxtRNtZw6LC9cjA==",
      "requires": {
        "@pixi/display": "5.2.3"
      }
    },
    "@pixi/mixin-get-global-position": {
      "version": "5.2.3",
      "resolved": "https://registry.npmjs.org/@pixi/mixin-get-global-position/-/mixin-get-global-position-5.2.3.tgz",
      "integrity": "sha512-EDuSJlAMM47X/KeHpnAp9fLwjGH5ta0Pi8NFNi5X00hLFF68x6A1zbXl1b95mRmFbB1+1gwM9nbZUvx4OPJ9Cg==",
      "requires": {
        "@pixi/display": "5.2.3",
        "@pixi/math": "5.2.3"
      }
    },
    "@pixi/particles": {
      "version": "5.2.3",
      "resolved": "https://registry.npmjs.org/@pixi/particles/-/particles-5.2.3.tgz",
      "integrity": "sha512-gY+qNS2cq4v+c2didQqZeUXsm9ALI6tekapZQntjSx4C8lxVuGAgAnwzu1/OxMps1pnotBPos3hwPSP1LFw79A==",
      "requires": {
        "@pixi/constants": "5.2.3",
        "@pixi/core": "5.2.3",
        "@pixi/display": "5.2.3",
        "@pixi/math": "5.2.3",
        "@pixi/utils": "5.2.3"
      }
    },
    "@pixi/polyfill": {
      "version": "5.2.3",
      "resolved": "https://registry.npmjs.org/@pixi/polyfill/-/polyfill-5.2.3.tgz",
      "integrity": "sha512-qtzETW6QM/CuWH6FfjNyukoyPuy/R0FvtBYn5XclNQmJez83vVRBVoCvAAOyUCV5H9oV3694Ltd7U4or9DTrmg==",
      "requires": {
        "es6-promise-polyfill": "^1.2.0",
        "object-assign": "^4.1.1"
      }
    },
    "@pixi/prepare": {
      "version": "5.2.3",
      "resolved": "https://registry.npmjs.org/@pixi/prepare/-/prepare-5.2.3.tgz",
      "integrity": "sha512-/s6IjOSJ0U9D30n9jFCpZ6D6G1K9mGR31krouqdt22HAVzLGMFDkFVrcP2TEPPtPXYQyro72KOD9JW/hH3AjpA==",
      "requires": {
        "@pixi/core": "5.2.3",
        "@pixi/display": "5.2.3",
        "@pixi/graphics": "5.2.3",
        "@pixi/settings": "5.2.3",
        "@pixi/text": "5.2.3",
        "@pixi/ticker": "5.2.3"
      }
    },
    "@pixi/runner": {
      "version": "5.2.3",
      "resolved": "https://registry.npmjs.org/@pixi/runner/-/runner-5.2.3.tgz",
      "integrity": "sha512-/7pe7eakf5LKcAUmW1SdqEvejPN0Nx+gl4kSptYFaMGd2ukYvMA4Z584vnrEZ1fFWm5Pom74lzwGglwwTTbdXg=="
    },
    "@pixi/settings": {
      "version": "5.2.3",
      "resolved": "https://registry.npmjs.org/@pixi/settings/-/settings-5.2.3.tgz",
      "integrity": "sha512-OKaYz251JmVg+MBF068scuYNxSnoSfTlpc4cPNzzelBJMmyeskgKDwLemZMstZIFQY/ytSlTYxaGAp/GZnvHiw==",
      "requires": {
        "ismobilejs": "^1.1.0"
      }
    },
    "@pixi/sprite": {
      "version": "5.2.3",
      "resolved": "https://registry.npmjs.org/@pixi/sprite/-/sprite-5.2.3.tgz",
      "integrity": "sha512-Xc7GZtepHalRH+ER22R0Bioj78f9gDrXlLpLk7EnEaCPVuqftg/E8n2clxGkBh5jDVs0SyKBF8pg4n841MszeA==",
      "requires": {
        "@pixi/constants": "5.2.3",
        "@pixi/core": "5.2.3",
        "@pixi/display": "5.2.3",
        "@pixi/math": "5.2.3",
        "@pixi/settings": "5.2.3",
        "@pixi/utils": "5.2.3"
      }
    },
    "@pixi/sprite-animated": {
      "version": "5.2.3",
      "resolved": "https://registry.npmjs.org/@pixi/sprite-animated/-/sprite-animated-5.2.3.tgz",
      "integrity": "sha512-a1cyOKuTBO28kATFk84IJCHSspj5+CaO1yyrYLhQoF01QQl3dYFJwor1TFIn5AeO2ioRSZxFU64SmQTanwJLpw==",
      "requires": {
        "@pixi/core": "5.2.3",
        "@pixi/sprite": "5.2.3",
        "@pixi/ticker": "5.2.3"
      }
    },
    "@pixi/sprite-tiling": {
      "version": "5.2.3",
      "resolved": "https://registry.npmjs.org/@pixi/sprite-tiling/-/sprite-tiling-5.2.3.tgz",
      "integrity": "sha512-e50E4EdudGJplJ4kljw4/b8cYZa+JGpLDW/wFSGnxW8DABezFVKdP/DTJ8nO6kMGTGufznDL6ujE9bh5cdAxhQ==",
      "requires": {
        "@pixi/constants": "5.2.3",
        "@pixi/core": "5.2.3",
        "@pixi/display": "5.2.3",
        "@pixi/math": "5.2.3",
        "@pixi/sprite": "5.2.3",
        "@pixi/utils": "5.2.3"
      }
    },
    "@pixi/spritesheet": {
      "version": "5.2.3",
      "resolved": "https://registry.npmjs.org/@pixi/spritesheet/-/spritesheet-5.2.3.tgz",
      "integrity": "sha512-eUNCv2ZaDqZLUWXkzDfIAeMVyYzdgC5B5x0HRfHhV4m3GScXq+wQjFCSQKJZDKwQFKKDVkPzOOoHrgydAvytQQ==",
      "requires": {
        "@pixi/core": "5.2.3",
        "@pixi/loaders": "5.2.3",
        "@pixi/math": "5.2.3",
        "@pixi/utils": "5.2.3"
      }
    },
    "@pixi/text": {
      "version": "5.2.3",
      "resolved": "https://registry.npmjs.org/@pixi/text/-/text-5.2.3.tgz",
      "integrity": "sha512-lLU9ZIBi2L03qFciMmSN8Bw0loqYN99Q40IH4peGjJbl8IwNkzj8kP767Pgzv2kw6iXI/NE/hqN0enI54Ha3gA==",
      "requires": {
        "@pixi/core": "5.2.3",
        "@pixi/math": "5.2.3",
        "@pixi/settings": "5.2.3",
        "@pixi/sprite": "5.2.3",
        "@pixi/utils": "5.2.3"
      }
    },
    "@pixi/text-bitmap": {
      "version": "5.2.3",
      "resolved": "https://registry.npmjs.org/@pixi/text-bitmap/-/text-bitmap-5.2.3.tgz",
      "integrity": "sha512-2laE08rwlDW+6S7Jkk2OLdwRYUiNmFOzODzcQPGuCx2PULxErjBVI95ezEds5SXkUlWeo7xlFiAf93fDl/H16w==",
      "requires": {
        "@pixi/core": "5.2.3",
        "@pixi/display": "5.2.3",
        "@pixi/loaders": "5.2.3",
        "@pixi/math": "5.2.3",
        "@pixi/settings": "5.2.3",
        "@pixi/sprite": "5.2.3",
        "@pixi/utils": "5.2.3"
      }
    },
    "@pixi/ticker": {
      "version": "5.2.3",
      "resolved": "https://registry.npmjs.org/@pixi/ticker/-/ticker-5.2.3.tgz",
      "integrity": "sha512-Q0VAN/JlWF61kKBdJhkdNIIeWHksOH9p4CwR9cVUyPnEcoWjKOI0xZpALKCZ0vx0pfzYPRkyJKM/qkA2EzRlOg==",
      "requires": {
        "@pixi/settings": "5.2.3"
      }
    },
    "@pixi/utils": {
      "version": "5.2.3",
      "resolved": "https://registry.npmjs.org/@pixi/utils/-/utils-5.2.3.tgz",
      "integrity": "sha512-/dZ65Wim8XTrOXS/FKKXahmSAPSV/gCGI9EK3bvr6V93iiIU0LUYRkT+uWFShiebmW6GCp35CziyHyzDz/ISIQ==",
      "requires": {
        "@pixi/constants": "5.2.3",
        "@pixi/settings": "5.2.3",
        "earcut": "^2.1.5",
        "eventemitter3": "^3.1.0",
        "url": "^0.11.0"
      }
    },
    "@polka/url": {
      "version": "0.5.0",
      "resolved": "https://registry.npmjs.org/@polka/url/-/url-0.5.0.tgz",
      "integrity": "sha512-oZLYFEAzUKyi3SKnXvj32ZCEGH6RDnao7COuCVhDydMS9NrCSVXhM79VaKyP5+Zc33m0QXEd2DN3UkU7OsHcfw==",
      "dev": true
    },
    "@rollup/plugin-commonjs": {
      "version": "11.0.2",
      "resolved": "https://registry.npmjs.org/@rollup/plugin-commonjs/-/plugin-commonjs-11.0.2.tgz",
      "integrity": "sha512-MPYGZr0qdbV5zZj8/2AuomVpnRVXRU5XKXb3HVniwRoRCreGlf5kOE081isNWeiLIi6IYkwTX9zE0/c7V8g81g==",
      "dev": true,
      "requires": {
        "@rollup/pluginutils": "^3.0.0",
        "estree-walker": "^1.0.1",
        "is-reference": "^1.1.2",
        "magic-string": "^0.25.2",
        "resolve": "^1.11.0"
      }
    },
    "@rollup/plugin-node-resolve": {
      "version": "7.1.3",
      "resolved": "https://registry.npmjs.org/@rollup/plugin-node-resolve/-/plugin-node-resolve-7.1.3.tgz",
      "integrity": "sha512-RxtSL3XmdTAE2byxekYLnx+98kEUOrPHF/KRVjLH+DEIHy6kjIw7YINQzn+NXiH/NTrQLAwYs0GWB+csWygA9Q==",
      "dev": true,
      "requires": {
        "@rollup/pluginutils": "^3.0.8",
        "@types/resolve": "0.0.8",
        "builtin-modules": "^3.1.0",
        "is-module": "^1.0.0",
        "resolve": "^1.14.2"
      },
      "dependencies": {
        "@rollup/pluginutils": {
          "version": "3.0.9",
          "resolved": "https://registry.npmjs.org/@rollup/pluginutils/-/pluginutils-3.0.9.tgz",
          "integrity": "sha512-TLZavlfPAZYI7v33wQh4mTP6zojne14yok3DNSLcjoG/Hirxfkonn6icP5rrNWRn8nZsirJBFFpijVOJzkUHDg==",
          "dev": true,
          "requires": {
            "@types/estree": "0.0.39",
            "estree-walker": "^1.0.1",
            "micromatch": "^4.0.2"
          }
        }
      }
    },
    "@rollup/plugin-strip": {
      "version": "1.3.2",
      "resolved": "https://registry.npmjs.org/@rollup/plugin-strip/-/plugin-strip-1.3.2.tgz",
      "integrity": "sha512-dByULCvYdklJRJ50XqmA/ntyvVuVnnxOrgZ6cIIMBLLzQrsm9Ui15VD+6I8a11w8Ob9R7ySwYjFck9YCMzseKA==",
      "requires": {
        "@rollup/pluginutils": "^3.0.4",
        "estree-walker": "^1.0.1",
        "magic-string": "^0.25.5"
      }
    },
    "@rollup/plugin-typescript": {
      "version": "3.1.1",
      "resolved": "https://registry.npmjs.org/@rollup/plugin-typescript/-/plugin-typescript-3.1.1.tgz",
      "integrity": "sha512-VPY1MbzIJT+obpav9Kns4MlipVJ1FuefwzO4s1uCVXAzVWya+bhhNauOmmqR/hy1zj7tePfh3t9iBN+HbIzyRA==",
      "dev": true,
      "requires": {
        "@rollup/pluginutils": "^3.0.1",
        "resolve": "^1.14.1"
      }
    },
    "@rollup/pluginutils": {
      "version": "3.0.6",
      "resolved": "https://registry.npmjs.org/@rollup/pluginutils/-/pluginutils-3.0.6.tgz",
      "integrity": "sha512-Nb6U7sg11v8D+E4mxRxwT+UumUL7MSnwI8V1SJB3THyW2MOGD/Q6GyxLtpnjrbT3zTRPSozzDMyVZwemgldO3w==",
      "requires": {
        "estree-walker": "^1.0.1"
      }
    },
    "@types/estree": {
      "version": "0.0.39",
      "resolved": "https://registry.npmjs.org/@types/estree/-/estree-0.0.39.tgz",
      "integrity": "sha512-EYNwp3bU+98cpU4lAWYYL7Zz+2gryWH1qbdDTidVd6hkiR6weksdbMadyXKXNPEkQFhXM+hVO9ZygomHXp+AIw==",
      "dev": true
    },
    "@types/node": {
      "version": "13.5.3",
      "resolved": "https://registry.npmjs.org/@types/node/-/node-13.5.3.tgz",
      "integrity": "sha512-ZPnWX9PW992w6DUsz3JIXHaSb5v7qmKCVzC3km6SxcDGxk7zmLfYaCJTbktIa5NeywJkkZDhGldKqDIvC5DRrA==",
      "dev": true
    },
    "@types/resolve": {
      "version": "0.0.8",
      "resolved": "https://registry.npmjs.org/@types/resolve/-/resolve-0.0.8.tgz",
      "integrity": "sha512-auApPaJf3NPfe18hSoJkp8EbZzer2ISk7o8mCC3M9he/a04+gbMF97NkpD2S8riMGvm4BMRI59/SZQSaLTKpsQ==",
      "dev": true,
      "requires": {
        "@types/node": "*"
      }
    },
    "acorn": {
      "version": "7.1.1",
      "resolved": "https://registry.npmjs.org/acorn/-/acorn-7.1.1.tgz",
      "integrity": "sha512-add7dgA5ppRPxCFJoAGfMDi7PIBXq1RtGo7BhbLaxwrXPOmw8gq48Y9ozT01hUKy9byMjlR20EJhu5zlkErEkg==",
      "dev": true
    },
    "ansi-styles": {
      "version": "3.2.1",
      "resolved": "https://registry.npmjs.org/ansi-styles/-/ansi-styles-3.2.1.tgz",
      "integrity": "sha512-VT0ZI6kZRdTh8YyJw3SMbYm/u+NqfsAxEpWO0Pf9sq8/e94WxxOpPKx9FR1FlyCtOVDNOQ+8ntlqFxiRc+r5qA==",
      "dev": true,
      "requires": {
        "color-convert": "^1.9.0"
      }
    },
    "anymatch": {
      "version": "3.1.1",
      "resolved": "https://registry.npmjs.org/anymatch/-/anymatch-3.1.1.tgz",
      "integrity": "sha512-mM8522psRCqzV+6LhomX5wgp25YVibjh8Wj23I5RPkPppSVSjyKD2A2mBJmWGa+KN7f2D6LNh9jkBCeyLktzjg==",
      "dev": true,
      "requires": {
        "normalize-path": "^3.0.0",
        "picomatch": "^2.0.4"
      }
    },
    "async-limiter": {
      "version": "1.0.1",
      "resolved": "https://registry.npmjs.org/async-limiter/-/async-limiter-1.0.1.tgz",
      "integrity": "sha512-csOlWGAcRFJaI6m+F2WKdnMKr4HhdhFVBk0H/QbJFMCr+uO2kwohwXQPxw/9OCxp05r5ghVBFSyioixx3gfkNQ==",
      "dev": true
    },
    "binary-extensions": {
      "version": "2.0.0",
      "resolved": "https://registry.npmjs.org/binary-extensions/-/binary-extensions-2.0.0.tgz",
      "integrity": "sha512-Phlt0plgpIIBOGTT/ehfFnbNlfsDEiqmzE2KRXoX1bLIlir4X/MR+zSyBEkL05ffWgnRSf/DXv+WrUAVr93/ow==",
      "dev": true
    },
    "braces": {
      "version": "3.0.2",
      "resolved": "https://registry.npmjs.org/braces/-/braces-3.0.2.tgz",
      "integrity": "sha512-b8um+L1RzM3WDSzvhm6gIz1yfTbBt6YTlcEKAvsmqCZZFw46z626lVj9j1yEPW33H5H+lBQpZMP1k8l+78Ha0A==",
      "dev": true,
      "requires": {
        "fill-range": "^7.0.1"
      }
    },
    "buffer-from": {
      "version": "1.1.1",
      "resolved": "https://registry.npmjs.org/buffer-from/-/buffer-from-1.1.1.tgz",
      "integrity": "sha512-MQcXEUbCKtEo7bhqEs6560Hyd4XaovZlO/k9V3hjVUF/zwW7KBVdSK4gIt/bzwS9MbR5qob+F5jusZsb0YQK2A==",
      "dev": true
    },
    "builtin-modules": {
      "version": "3.1.0",
      "resolved": "https://registry.npmjs.org/builtin-modules/-/builtin-modules-3.1.0.tgz",
      "integrity": "sha512-k0KL0aWZuBt2lrxrcASWDfwOLMnodeQjodT/1SxEQAXsHANgo6ZC/VEaSEHCXt7aSTZ4/4H5LKa+tBXmW7Vtvw==",
      "dev": true
    },
    "chalk": {
      "version": "2.4.2",
      "resolved": "https://registry.npmjs.org/chalk/-/chalk-2.4.2.tgz",
      "integrity": "sha512-Mti+f9lpJNcwF4tWV8/OrTTtF1gZi+f8FqlyAdouralcFWFQWF2+NgCHShjkCb+IFBLq9buZwE1xckQU4peSuQ==",
      "dev": true,
      "requires": {
        "ansi-styles": "^3.2.1",
        "escape-string-regexp": "^1.0.5",
        "supports-color": "^5.3.0"
      }
    },
    "chokidar": {
      "version": "3.3.1",
      "resolved": "https://registry.npmjs.org/chokidar/-/chokidar-3.3.1.tgz",
      "integrity": "sha512-4QYCEWOcK3OJrxwvyyAOxFuhpvOVCYkr33LPfFNBjAD/w3sEzWsp2BUOkI4l9bHvWioAd0rc6NlHUOEaWkTeqg==",
      "dev": true,
      "requires": {
        "anymatch": "~3.1.1",
        "braces": "~3.0.2",
        "fsevents": "~2.1.2",
        "glob-parent": "~5.1.0",
        "is-binary-path": "~2.1.0",
        "is-glob": "~4.0.1",
        "normalize-path": "~3.0.0",
        "readdirp": "~3.3.0"
      }
    },
    "color-convert": {
      "version": "1.9.3",
      "resolved": "https://registry.npmjs.org/color-convert/-/color-convert-1.9.3.tgz",
      "integrity": "sha512-QfAUtd+vFdAtFQcC8CCyYt1fYWxSqAiK2cSD6zDB8N3cpsEBAvRxp9zOGg6G/SHHJYAT88/az/IuDGALsNVbGg==",
      "dev": true,
      "requires": {
        "color-name": "1.1.3"
      }
    },
    "color-name": {
      "version": "1.1.3",
      "resolved": "https://registry.npmjs.org/color-name/-/color-name-1.1.3.tgz",
      "integrity": "sha1-p9BVi9icQveV3UIyj3QIMcpTvCU=",
      "dev": true
    },
    "commander": {
      "version": "2.20.3",
      "resolved": "https://registry.npmjs.org/commander/-/commander-2.20.3.tgz",
      "integrity": "sha512-GpVkmM8vF2vQUkj2LvZmD35JxeJOLCwJ9cUkugyk2nuhbv3+mJvpLYYt+0+USMxE+oj+ey/lJEnhZw75x/OMcQ==",
      "dev": true
    },
    "console-clear": {
      "version": "1.1.1",
      "resolved": "https://registry.npmjs.org/console-clear/-/console-clear-1.1.1.tgz",
      "integrity": "sha512-pMD+MVR538ipqkG5JXeOEbKWS5um1H4LUUccUQG68qpeqBYbzYy79Gh55jkd2TtPdRfUaLWdv6LPP//5Zt0aPQ==",
      "dev": true
    },
    "earcut": {
      "version": "2.2.2",
      "resolved": "https://registry.npmjs.org/earcut/-/earcut-2.2.2.tgz",
      "integrity": "sha512-eZoZPPJcUHnfRZ0PjLvx2qBordSiO8ofC3vt+qACLM95u+4DovnbYNpQtJh0DNsWj8RnxrQytD4WA8gj5cRIaQ=="
    },
    "es6-promise-polyfill": {
      "version": "1.2.0",
      "resolved": "https://registry.npmjs.org/es6-promise-polyfill/-/es6-promise-polyfill-1.2.0.tgz",
      "integrity": "sha1-84kl8jyz4+jObNqP93T867sJDN4="
    },
    "escape-string-regexp": {
      "version": "1.0.5",
      "resolved": "https://registry.npmjs.org/escape-string-regexp/-/escape-string-regexp-1.0.5.tgz",
      "integrity": "sha1-G2HAViGQqN/2rjuyzwIAyhMLhtQ=",
      "dev": true
    },
    "estree-walker": {
      "version": "1.0.1",
      "resolved": "https://registry.npmjs.org/estree-walker/-/estree-walker-1.0.1.tgz",
      "integrity": "sha512-1fMXF3YP4pZZVozF8j/ZLfvnR8NSIljt56UhbZ5PeeDmmGHpgpdwQt7ITlGvYaQukCvuBRMLEiKiYC+oeIg4cg=="
    },
    "esutils": {
      "version": "2.0.3",
      "resolved": "https://registry.npmjs.org/esutils/-/esutils-2.0.3.tgz",
      "integrity": "sha512-kVscqXk4OCp68SZ0dkgEKVi6/8ij300KBWTJq32P/dYeWTSwK41WyTxalN1eRmA5Z9UU/LX9D7FWSmV9SAYx6g==",
      "dev": true
    },
    "eventemitter3": {
      "version": "3.1.2",
      "resolved": "https://registry.npmjs.org/eventemitter3/-/eventemitter3-3.1.2.tgz",
      "integrity": "sha512-tvtQIeLVHjDkJYnzf2dgVMxfuSGJeM/7UCG17TT4EumTfNtF+0nebF/4zWOIkCreAbtNqhGEboB6BWrwqNaw4Q=="
    },
    "events": {
      "version": "3.1.0",
      "resolved": "https://registry.npmjs.org/events/-/events-3.1.0.tgz",
      "integrity": "sha512-Rv+u8MLHNOdMjTAFeT3nCjHn2aGlx435FP/sDHNaRhDEMwyI/aB22Kj2qIN8R0cw3z28psEQLYwxVKLsKrMgWg=="
    },
    "fill-range": {
      "version": "7.0.1",
      "resolved": "https://registry.npmjs.org/fill-range/-/fill-range-7.0.1.tgz",
      "integrity": "sha512-qOo9F+dMUmC2Lcb4BbVvnKJxTPjCm+RRpe4gDuGrzkL7mEVl/djYSu2OdQ2Pa302N4oqkSg9ir6jaLWJ2USVpQ==",
      "dev": true,
      "requires": {
        "to-regex-range": "^5.0.1"
      }
    },
    "fix-whitespace": {
      "version": "1.0.3",
      "resolved": "https://registry.npmjs.org/fix-whitespace/-/fix-whitespace-1.0.3.tgz",
      "integrity": "sha1-eTVKgWzBKguT+HTkxeA8S5mR9pU="
    },
    "fsevents": {
      "version": "2.1.2",
      "resolved": "https://registry.npmjs.org/fsevents/-/fsevents-2.1.2.tgz",
      "integrity": "sha512-R4wDiBwZ0KzpgOWetKDug1FZcYhqYnUYKtfZYt4mD5SBz76q0KR4Q9o7GIPamsVPGmW3EYPPJ0dOOjvx32ldZA==",
      "dev": true,
      "optional": true
    },
    "get-port": {
      "version": "3.2.0",
      "resolved": "https://registry.npmjs.org/get-port/-/get-port-3.2.0.tgz",
      "integrity": "sha1-3Xzn3hh8Bsi/NTeWrHHgmfCYDrw=",
      "dev": true
    },
    "glob-parent": {
      "version": "5.1.0",
      "resolved": "https://registry.npmjs.org/glob-parent/-/glob-parent-5.1.0.tgz",
      "integrity": "sha512-qjtRgnIVmOfnKUE3NJAQEdk+lKrxfw8t5ke7SXtfMTHcjsBfOfWXCQfdb30zfDoZQ2IRSIiidmjtbHZPZ++Ihw==",
      "dev": true,
      "requires": {
        "is-glob": "^4.0.1"
      }
    },
    "has-flag": {
      "version": "3.0.0",
      "resolved": "https://registry.npmjs.org/has-flag/-/has-flag-3.0.0.tgz",
      "integrity": "sha1-tdRU3CGZriJWmfNGfloH87lVuv0=",
      "dev": true
    },
    "is-binary-path": {
      "version": "2.1.0",
      "resolved": "https://registry.npmjs.org/is-binary-path/-/is-binary-path-2.1.0.tgz",
      "integrity": "sha512-ZMERYes6pDydyuGidse7OsHxtbI7WVeUEozgR/g7rd0xUimYNlvZRE/K2MgZTjWy725IfelLeVcEM97mmtRGXw==",
      "dev": true,
      "requires": {
        "binary-extensions": "^2.0.0"
      }
    },
    "is-extglob": {
      "version": "2.1.1",
      "resolved": "https://registry.npmjs.org/is-extglob/-/is-extglob-2.1.1.tgz",
      "integrity": "sha1-qIwCU1eR8C7TfHahueqXc8gz+MI=",
      "dev": true
    },
    "is-glob": {
      "version": "4.0.1",
      "resolved": "https://registry.npmjs.org/is-glob/-/is-glob-4.0.1.tgz",
      "integrity": "sha512-5G0tKtBTFImOqDnLB2hG6Bp2qcKEFduo4tZu9MT/H6NQv/ghhy30o55ufafxJ/LdH79LLs2Kfrn85TLKyA7BUg==",
      "dev": true,
      "requires": {
        "is-extglob": "^2.1.1"
      }
    },
    "is-module": {
      "version": "1.0.0",
      "resolved": "https://registry.npmjs.org/is-module/-/is-module-1.0.0.tgz",
      "integrity": "sha1-Mlj7afeMFNW4FdZkM2tM/7ZEFZE=",
      "dev": true
    },
    "is-number": {
      "version": "7.0.0",
      "resolved": "https://registry.npmjs.org/is-number/-/is-number-7.0.0.tgz",
      "integrity": "sha512-41Cifkg6e8TylSpdtTpeLVMqvSBEVzTttHvERD741+pnZ8ANv0004MRL43QKPDlK9cGvNp6NZWZUBlbGXYxxng==",
      "dev": true
    },
    "is-reference": {
      "version": "1.1.4",
      "resolved": "https://registry.npmjs.org/is-reference/-/is-reference-1.1.4.tgz",
      "integrity": "sha512-uJA/CDPO3Tao3GTrxYn6AwkM4nUPJiGGYu5+cB8qbC7WGFlrKZbiRo7SFKxUAEpFUfiHofWCXBUNhvYJMh+6zw==",
      "dev": true,
      "requires": {
        "@types/estree": "0.0.39"
      }
    },
    "ismobilejs": {
      "version": "1.1.1",
      "resolved": "https://registry.npmjs.org/ismobilejs/-/ismobilejs-1.1.1.tgz",
      "integrity": "sha512-VaFW53yt8QO61k2WJui0dHf4SlL8lxBofUuUmwBo0ljPk0Drz2TiuDW4jo3wDcv41qy/SxrJ+VAzJ/qYqsmzRw=="
    },
    "jest-worker": {
      "version": "24.9.0",
      "resolved": "https://registry.npmjs.org/jest-worker/-/jest-worker-24.9.0.tgz",
      "integrity": "sha512-51PE4haMSXcHohnSMdM42anbvZANYTqMrr52tVKPqqsPJMzoP6FYYDVqahX/HrAoKEKz3uUPzSvKs9A3qR4iVw==",
      "dev": true,
      "requires": {
        "merge-stream": "^2.0.0",
        "supports-color": "^6.1.0"
      },
      "dependencies": {
        "supports-color": {
          "version": "6.1.0",
          "resolved": "https://registry.npmjs.org/supports-color/-/supports-color-6.1.0.tgz",
          "integrity": "sha512-qe1jfm1Mg7Nq/NSh6XE24gPXROEVsWHxC1LIx//XNlD9iw7YZQGjZNjYN7xGaEG6iKdA8EtNFW6R0gjnVXp+wQ==",
          "dev": true,
          "requires": {
            "has-flag": "^3.0.0"
          }
        }
      }
    },
    "js-tokens": {
      "version": "4.0.0",
      "resolved": "https://registry.npmjs.org/js-tokens/-/js-tokens-4.0.0.tgz",
      "integrity": "sha512-RdJUflcE3cUzKiMqQgsCu06FPu9UdIJO0beYbPhHN4k6apgJtifcoCtT9bcxOpYBtpD2kCM6Sbzg4CausW/PKQ==",
      "dev": true
    },
    "kleur": {
      "version": "3.0.3",
      "resolved": "https://registry.npmjs.org/kleur/-/kleur-3.0.3.tgz",
      "integrity": "sha512-eTIzlVOSUR+JxdDFepEYcBMtZ9Qqdef+rnzWdRZuMbOywu5tO2w2N7rqjoANZ5k9vywhL6Br1VRjUIgTQx4E8w==",
      "dev": true
    },
    "livereload": {
      "version": "0.9.1",
      "resolved": "https://registry.npmjs.org/livereload/-/livereload-0.9.1.tgz",
      "integrity": "sha512-9g7sua11kkyZNo2hLRCG3LuZZwqexoyEyecSlV8cAsfAVVCZqLzVir6XDqmH0r+Vzgnd5LrdHDMyjtFnJQLAYw==",
      "dev": true,
      "requires": {
        "chokidar": "^3.3.0",
        "livereload-js": "^3.1.0",
        "opts": ">= 1.2.0",
        "ws": "^6.2.1"
      }
    },
    "livereload-js": {
      "version": "3.2.2",
      "resolved": "https://registry.npmjs.org/livereload-js/-/livereload-js-3.2.2.tgz",
      "integrity": "sha512-xhScbNeC687ZINjEf/bD+BMiPx4s4q0mehcLb3zCc8+mykOtmaBR4vqzyIV9rIGdG9JjHaT0LiFdscvivCjX1Q==",
      "dev": true
    },
    "local-access": {
      "version": "1.0.1",
      "resolved": "https://registry.npmjs.org/local-access/-/local-access-1.0.1.tgz",
      "integrity": "sha512-ykt2pgN0aqIy6KQC1CqdWTWkmUwNgaOS6dcpHVjyBJONA+Xi7AtSB1vuxC/U/0tjIP3wcRudwQk1YYzUvzk2bA==",
      "dev": true
    },
    "magic-string": {
      "version": "0.25.6",
      "resolved": "https://registry.npmjs.org/magic-string/-/magic-string-0.25.6.tgz",
      "integrity": "sha512-3a5LOMSGoCTH5rbqobC2HuDNRtE2glHZ8J7pK+QZYppyWA36yuNpsX994rIY2nCuyP7CZYy7lQq/X2jygiZ89g==",
      "requires": {
        "sourcemap-codec": "^1.4.4"
      }
    },
    "merge-stream": {
      "version": "2.0.0",
      "resolved": "https://registry.npmjs.org/merge-stream/-/merge-stream-2.0.0.tgz",
      "integrity": "sha512-abv/qOcuPfk3URPfDzmZU1LKmuw8kT+0nIHvKrKgFrwifol/doWcdA4ZqsWQ8ENrFKkd67Mfpo/LovbIUsbt3w==",
      "dev": true
    },
    "micromatch": {
      "version": "4.0.2",
      "resolved": "https://registry.npmjs.org/micromatch/-/micromatch-4.0.2.tgz",
      "integrity": "sha512-y7FpHSbMUMoyPbYUSzO6PaZ6FyRnQOpHuKwbo1G+Knck95XVU4QAiKdGEnj5wwoS7PlOgthX/09u5iFJ+aYf5Q==",
      "dev": true,
      "requires": {
        "braces": "^3.0.1",
        "picomatch": "^2.0.5"
      }
    },
    "mime": {
      "version": "2.4.4",
      "resolved": "https://registry.npmjs.org/mime/-/mime-2.4.4.tgz",
      "integrity": "sha512-LRxmNwziLPT828z+4YkNzloCFC2YM4wrB99k+AV5ZbEyfGNWfG8SO1FUXLmLDBSo89NrJZ4DIWeLjy1CHGhMGA==",
      "dev": true
    },
    "mini-signals": {
      "version": "1.2.0",
      "resolved": "https://registry.npmjs.org/mini-signals/-/mini-signals-1.2.0.tgz",
      "integrity": "sha1-RbCAE8X65RokqhqTXNMXye1yHXQ="
    },
    "mri": {
      "version": "1.1.5",
      "resolved": "https://registry.npmjs.org/mri/-/mri-1.1.5.tgz",
      "integrity": "sha512-d2RKzMD4JNyHMbnbWnznPaa8vbdlq/4pNZ3IgdaGrVbBhebBsGUUE/6qorTMYNS6TwuH3ilfOlD2bf4Igh8CKg==",
      "dev": true
    },
    "normalize-path": {
      "version": "3.0.0",
      "resolved": "https://registry.npmjs.org/normalize-path/-/normalize-path-3.0.0.tgz",
      "integrity": "sha512-6eZs5Ls3WtCisHWp9S2GUy8dqkpGi4BVSz3GaqiE6ezub0512ESztXUwUB6C6IKbQkY2Pnb/mD4WYojCRwcwLA==",
      "dev": true
    },
    "object-assign": {
      "version": "4.1.1",
      "resolved": "https://registry.npmjs.org/object-assign/-/object-assign-4.1.1.tgz",
      "integrity": "sha1-IQmtx5ZYh8/AXLvUQsrIv7s2CGM="
    },
    "opts": {
      "version": "1.2.7",
      "resolved": "https://registry.npmjs.org/opts/-/opts-1.2.7.tgz",
      "integrity": "sha512-hwZhzGGG/GQ7igxAVFOEun2N4fWul31qE9nfBdCnZGQCB5+L7tN9xZ+94B4aUpLOJx/of3zZs5XsuubayQYQjA==",
      "dev": true
    },
    "parse-uri": {
      "version": "1.0.0",
      "resolved": "https://registry.npmjs.org/parse-uri/-/parse-uri-1.0.0.tgz",
      "integrity": "sha1-KHLcwi8aeXrN4Vg9igrClVLdrCA="
    },
    "path-parse": {
      "version": "1.0.6",
      "resolved": "https://registry.npmjs.org/path-parse/-/path-parse-1.0.6.tgz",
      "integrity": "sha512-GSmOT2EbHrINBf9SR7CDELwlJ8AENk3Qn7OikK4nFYAu3Ote2+JYNVvkpAEQm3/TLNEJFD/xZJjzyxg3KBWOzw==",
      "dev": true
    },
    "picomatch": {
      "version": "2.2.1",
      "resolved": "https://registry.npmjs.org/picomatch/-/picomatch-2.2.1.tgz",
      "integrity": "sha512-ISBaA8xQNmwELC7eOjqFKMESB2VIqt4PPDD0nsS95b/9dZXvVKOlz9keMSnoGGKcOHXfTvDD6WMaRoSc9UuhRA==",
      "dev": true
    },
    "pixi.js": {
      "version": "5.2.3",
      "resolved": "https://registry.npmjs.org/pixi.js/-/pixi.js-5.2.3.tgz",
      "integrity": "sha512-SHS0QEBBAOpYnrXAVOb8KfQbPaqufAVfER7HKG40WrsgN+YaK9LK2lsgdX4HMLYG7xkeWaydNMwOQIybhnzECw==",
      "requires": {
        "@pixi/accessibility": "5.2.3",
        "@pixi/app": "5.2.3",
        "@pixi/constants": "5.2.3",
        "@pixi/core": "5.2.3",
        "@pixi/display": "5.2.3",
        "@pixi/extract": "5.2.3",
        "@pixi/filter-alpha": "5.2.3",
        "@pixi/filter-blur": "5.2.3",
        "@pixi/filter-color-matrix": "5.2.3",
        "@pixi/filter-displacement": "5.2.3",
        "@pixi/filter-fxaa": "5.2.3",
        "@pixi/filter-noise": "5.2.3",
        "@pixi/graphics": "5.2.3",
        "@pixi/interaction": "5.2.3",
        "@pixi/loaders": "5.2.3",
        "@pixi/math": "5.2.3",
        "@pixi/mesh": "5.2.3",
        "@pixi/mesh-extras": "5.2.3",
        "@pixi/mixin-cache-as-bitmap": "5.2.3",
        "@pixi/mixin-get-child-by-name": "5.2.3",
        "@pixi/mixin-get-global-position": "5.2.3",
        "@pixi/particles": "5.2.3",
        "@pixi/polyfill": "5.2.3",
        "@pixi/prepare": "5.2.3",
        "@pixi/runner": "5.2.3",
        "@pixi/settings": "5.2.3",
        "@pixi/sprite": "5.2.3",
        "@pixi/sprite-animated": "5.2.3",
        "@pixi/sprite-tiling": "5.2.3",
        "@pixi/spritesheet": "5.2.3",
        "@pixi/text": "5.2.3",
        "@pixi/text-bitmap": "5.2.3",
        "@pixi/ticker": "5.2.3",
        "@pixi/utils": "5.2.3"
      }
    },
    "punycode": {
      "version": "1.3.2",
      "resolved": "https://registry.npmjs.org/punycode/-/punycode-1.3.2.tgz",
      "integrity": "sha1-llOgNvt8HuQjQvIyXM7v6jkmxI0="
    },
    "querystring": {
      "version": "0.2.0",
      "resolved": "https://registry.npmjs.org/querystring/-/querystring-0.2.0.tgz",
      "integrity": "sha1-sgmEkgO7Jd+CDadW50cAWHhSFiA="
    },
    "readdirp": {
      "version": "3.3.0",
      "resolved": "https://registry.npmjs.org/readdirp/-/readdirp-3.3.0.tgz",
      "integrity": "sha512-zz0pAkSPOXXm1viEwygWIPSPkcBYjW1xU5j/JBh5t9bGCJwa6f9+BJa6VaB2g+b55yVrmXzqkyLf4xaWYM0IkQ==",
      "dev": true,
      "requires": {
        "picomatch": "^2.0.7"
      }
    },
    "require-relative": {
      "version": "0.8.7",
      "resolved": "https://registry.npmjs.org/require-relative/-/require-relative-0.8.7.tgz",
      "integrity": "sha1-eZlTn8ngR6N5KPoZb44VY9q9Nt4=",
      "dev": true
    },
    "resolve": {
      "version": "1.15.0",
      "resolved": "https://registry.npmjs.org/resolve/-/resolve-1.15.0.tgz",
      "integrity": "sha512-+hTmAldEGE80U2wJJDC1lebb5jWqvTYAfm3YZ1ckk1gBr0MnCqUKlwK1e+anaFljIl+F5tR5IoZcm4ZDA1zMQw==",
      "dev": true,
      "requires": {
        "path-parse": "^1.0.6"
      }
    },
    "resource-loader": {
      "version": "3.0.1",
      "resolved": "https://registry.npmjs.org/resource-loader/-/resource-loader-3.0.1.tgz",
      "integrity": "sha512-fBuCRbEHdLCI1eglzQhUv9Rrdcmqkydr1r6uHE2cYHvRBrcLXeSmbE/qI/urFt8rPr/IGxir3BUwM5kUK8XoyA==",
      "requires": {
        "mini-signals": "^1.2.0",
        "parse-uri": "^1.0.0"
      }
    },
    "rollup": {
      "version": "1.31.0",
      "resolved": "https://registry.npmjs.org/rollup/-/rollup-1.31.0.tgz",
      "integrity": "sha512-9C6ovSyNeEwvuRuUUmsTpJcXac1AwSL1a3x+O5lpmQKZqi5mmrjauLeqIjvREC+yNRR8fPdzByojDng+af3nVw==",
      "dev": true,
      "requires": {
        "@types/estree": "*",
        "@types/node": "*",
        "acorn": "^7.1.0"
      }
    },
    "rollup-plugin-livereload": {
      "version": "1.3.0",
      "resolved": "https://registry.npmjs.org/rollup-plugin-livereload/-/rollup-plugin-livereload-1.3.0.tgz",
      "integrity": "sha512-abyqXaB21+nFHo+vJULBqfzNx6zXABC19UyvqgDfdoxR/8pFAd041GO+GIUe8ZYC2DbuMUmioh1Lvbk14YLZgw==",
      "dev": true,
      "requires": {
        "livereload": "^0.9.1"
      }
    },
    "rollup-plugin-svelte": {
      "version": "5.2.1",
      "resolved": "https://registry.npmjs.org/rollup-plugin-svelte/-/rollup-plugin-svelte-5.2.1.tgz",
      "integrity": "sha512-wc93cN66sRpX6uFljVFqvWT6NU3V5ab/uLXKt2UiARuexFU/ctolzkmdXM7WM5iKdTX9scToS9sabJTJV4DUMA==",
      "dev": true,
      "requires": {
        "require-relative": "^0.8.7",
        "rollup-pluginutils": "^2.8.2",
        "sourcemap-codec": "^1.4.8"
      }
    },
    "rollup-plugin-terser": {
      "version": "5.2.0",
      "resolved": "https://registry.npmjs.org/rollup-plugin-terser/-/rollup-plugin-terser-5.2.0.tgz",
      "integrity": "sha512-jQI+nYhtDBc9HFRBz8iGttQg7li9klmzR62RG2W2nN6hJ/FI2K2ItYQ7kJ7/zn+vs+BP1AEccmVRjRN989I+Nw==",
      "dev": true,
      "requires": {
        "@babel/code-frame": "^7.5.5",
        "jest-worker": "^24.9.0",
        "rollup-pluginutils": "^2.8.2",
        "serialize-javascript": "^2.1.2",
        "terser": "^4.6.2"
      }
    },
    "rollup-plugin-web-worker-loader": {
      "version": "1.1.1",
      "resolved": "https://registry.npmjs.org/rollup-plugin-web-worker-loader/-/rollup-plugin-web-worker-loader-1.1.1.tgz",
      "integrity": "sha512-+434+Pa8lvaBMKs2FWCgxvQqMdasr3BMQ8VTZb+JhX6RPSo4PardCGAxER/PEyQJVxYgKihojp0FaMEKSh2lyg==",
      "dev": true
    },
    "rollup-pluginutils": {
      "version": "2.8.2",
      "resolved": "https://registry.npmjs.org/rollup-pluginutils/-/rollup-pluginutils-2.8.2.tgz",
      "integrity": "sha512-EEp9NhnUkwY8aif6bxgovPHMoMoNr2FulJziTndpt5H9RdwC47GSGuII9XxpSdzVGM0GWrNPHV6ie1LTNJPaLQ==",
      "dev": true,
      "requires": {
        "estree-walker": "^0.6.1"
      },
      "dependencies": {
        "estree-walker": {
          "version": "0.6.1",
          "resolved": "https://registry.npmjs.org/estree-walker/-/estree-walker-0.6.1.tgz",
          "integrity": "sha512-SqmZANLWS0mnatqbSfRP5g8OXZC12Fgg1IwNtLsyHDzJizORW4khDfjPqJZsemPWBB2uqykUah5YpQ6epsqC/w==",
          "dev": true
        }
      }
    },
    "sade": {
      "version": "1.7.3",
      "resolved": "https://registry.npmjs.org/sade/-/sade-1.7.3.tgz",
      "integrity": "sha512-m4BctppMvJ60W1dXnHq7jMmFe3hPJZDAH85kQ3ACTo7XZNVUuTItCQ+2HfyaMeV5cKrbw7l4vD/6We3GBxvdJw==",
      "dev": true,
      "requires": {
        "mri": "^1.1.0"
      }
    },
    "serialize-javascript": {
      "version": "2.1.2",
      "resolved": "https://registry.npmjs.org/serialize-javascript/-/serialize-javascript-2.1.2.tgz",
      "integrity": "sha512-rs9OggEUF0V4jUSecXazOYsLfu7OGK2qIn3c7IPBiffz32XniEp/TX9Xmc9LQfK2nQ2QKHvZ2oygKUGU0lG4jQ==",
      "dev": true
    },
    "sirv": {
      "version": "0.4.2",
      "resolved": "https://registry.npmjs.org/sirv/-/sirv-0.4.2.tgz",
      "integrity": "sha512-dQbZnsMaIiTQPZmbGmktz+c74zt/hyrJEB4tdp2Jj0RNv9J6B/OWR5RyrZEvIn9fyh9Zlg2OlE2XzKz6wMKGAw==",
      "dev": true,
      "requires": {
        "@polka/url": "^0.5.0",
        "mime": "^2.3.1"
      }
    },
    "sirv-cli": {
      "version": "0.4.5",
      "resolved": "https://registry.npmjs.org/sirv-cli/-/sirv-cli-0.4.5.tgz",
      "integrity": "sha512-Fl6icSm0EwPrXSGid2xphMp//WNTSX2yENRAGnJuuZNmdc8LvE/BtdZD3MPn28ifAfDqTMwbB3dpcZojAIOiBg==",
      "dev": true,
      "requires": {
        "console-clear": "^1.1.0",
        "get-port": "^3.2.0",
        "kleur": "^3.0.0",
        "local-access": "^1.0.1",
        "sade": "^1.4.0",
        "sirv": "^0.4.2",
        "tinydate": "^1.0.0"
      }
    },
    "source-map-support": {
      "version": "0.5.16",
      "resolved": "https://registry.npmjs.org/source-map-support/-/source-map-support-0.5.16.tgz",
      "integrity": "sha512-efyLRJDr68D9hBBNIPWFjhpFzURh+KJykQwvMyW5UiZzYwoF6l4YMMDIJJEyFWxWCqfyxLzz6tSfUFR+kXXsVQ==",
      "dev": true,
      "requires": {
        "buffer-from": "^1.0.0",
        "source-map": "^0.6.0"
      },
      "dependencies": {
        "source-map": {
          "version": "0.6.1",
          "resolved": "https://registry.npmjs.org/source-map/-/source-map-0.6.1.tgz",
          "integrity": "sha512-UjgapumWlbMhkBgzT7Ykc5YXUT46F0iKu8SGXq0bcwP5dz/h0Plj6enJqjz1Zbq2l5WaqYnrVbwWOWMyF3F47g==",
          "dev": true
        }
      }
    },
    "sourcemap-codec": {
      "version": "1.4.8",
      "resolved": "https://registry.npmjs.org/sourcemap-codec/-/sourcemap-codec-1.4.8.tgz",
      "integrity": "sha512-9NykojV5Uih4lgo5So5dtw+f0JgJX30KCNI8gwhz2J9A15wD0Ml6tjHKwf6fTSa6fAdVBdZeNOs9eJ71qCk8vA=="
    },
    "supports-color": {
      "version": "5.5.0",
      "resolved": "https://registry.npmjs.org/supports-color/-/supports-color-5.5.0.tgz",
      "integrity": "sha512-QjVjwdXIt408MIiAqCX4oUKsgU2EqAGzs2Ppkm4aQYbjm+ZEWEcW4SfFNTr4uMNZma0ey4f5lgLrkB0aX0QMow==",
      "dev": true,
      "requires": {
        "has-flag": "^3.0.0"
      }
    },
    "svelte": {
      "version": "3.21.0",
      "resolved": "https://registry.npmjs.org/svelte/-/svelte-3.21.0.tgz",
      "integrity": "sha512-smh3LZKPCGJ+UXa0iZvUmuDctPYCwPY1opmClTWTm+l6e4y9FHLoCZMiue8YIeyc9JvlGT/EK0xry0diXjFDZQ==",
      "dev": true
    },
    "terser": {
      "version": "4.6.3",
      "resolved": "https://registry.npmjs.org/terser/-/terser-4.6.3.tgz",
      "integrity": "sha512-Lw+ieAXmY69d09IIc/yqeBqXpEQIpDGZqT34ui1QWXIUpR2RjbqEkT8X7Lgex19hslSqcWM5iMN2kM11eMsESQ==",
      "dev": true,
      "requires": {
        "commander": "^2.20.0",
        "source-map": "~0.6.1",
        "source-map-support": "~0.5.12"
      },
      "dependencies": {
        "source-map": {
          "version": "0.6.1",
          "resolved": "https://registry.npmjs.org/source-map/-/source-map-0.6.1.tgz",
          "integrity": "sha512-UjgapumWlbMhkBgzT7Ykc5YXUT46F0iKu8SGXq0bcwP5dz/h0Plj6enJqjz1Zbq2l5WaqYnrVbwWOWMyF3F47g==",
          "dev": true
        }
      }
    },
    "three": {
      "version": "0.111.0",
      "resolved": "https://registry.npmjs.org/three/-/three-0.111.0.tgz",
      "integrity": "sha512-AcTqyGJ3H75AIusOuADy0LsP958QKQwm/YhABHFMzd6RFXPNVay1rlSbbG6WYv7KM72G2THMMwqbjQd4dVHMkQ=="
    },
    "tinydate": {
      "version": "1.2.0",
      "resolved": "https://registry.npmjs.org/tinydate/-/tinydate-1.2.0.tgz",
      "integrity": "sha512-3GwPk8VhDFnUZ2TrgkhXJs6hcMAIIw4x/xkz+ayK6dGoQmp2nUwKzBXK0WnMsqkh6vfUhpqQicQF3rbshfyJkg==",
      "dev": true
    },
    "to-regex-range": {
      "version": "5.0.1",
      "resolved": "https://registry.npmjs.org/to-regex-range/-/to-regex-range-5.0.1.tgz",
      "integrity": "sha512-65P7iz6X5yEr1cwcgvQxbbIw7Uk3gOy5dIdtZ4rDveLqhrdJP+Li/Hx6tyK0NEb+2GCyneCMJiGqrADCSNk8sQ==",
      "dev": true,
      "requires": {
        "is-number": "^7.0.0"
      }
    },
    "tslib": {
      "version": "1.11.1",
      "resolved": "https://registry.npmjs.org/tslib/-/tslib-1.11.1.tgz",
      "integrity": "sha512-aZW88SY8kQbU7gpV19lN24LtXh/yD4ZZg6qieAJDDg+YBsJcSmLGK9QpnUjAKVG/xefmvJGd1WUmfpT/g6AJGA==",
      "dev": true
    },
    "typescript": {
      "version": "3.8.3",
      "resolved": "https://registry.npmjs.org/typescript/-/typescript-3.8.3.tgz",
      "integrity": "sha512-MYlEfn5VrLNsgudQTVJeNaQFUAI7DkhnOjdpAp4T+ku1TfQClewlbSuTVHiA+8skNBgaf02TL/kLOvig4y3G8w==",
      "dev": true
    },
    "url": {
      "version": "0.11.0",
      "resolved": "https://registry.npmjs.org/url/-/url-0.11.0.tgz",
      "integrity": "sha1-ODjpfPxgUh63PFJajlW/3Z4uKPE=",
      "requires": {
        "punycode": "1.3.2",
        "querystring": "0.2.0"
      }
    },
    "ws": {
      "version": "6.2.2",
      "resolved": "https://registry.npmjs.org/ws/-/ws-6.2.2.tgz",
      "integrity": "sha512-zmhltoSR8u1cnDsD43TX59mzoMZsLKqUweyYBAIvTngR3shc0W6aOZylZmq/7hqyVxPdi+5Ud2QInblgyE72fw==",
      "dev": true,
      "requires": {
        "async-limiter": "~1.0.0"
      }
    }
  }
}
